{
  "name": "language-ags-script",
  "version": "0.1.1",
  "lockfileVersion": 1,
  "requires": true,
  "dependencies": {
    "nan": {
      "version": "2.13.2",
      "resolved": "https://registry.npmjs.org/nan/-/nan-2.13.2.tgz",
      "integrity": "sha512-TghvYc72wlMGMVMluVo9WRJc0mB8KxxF/gZ4YYFy7V2ZQX9l7rgbPg7vjS9mt6U5HXODVFVI2bOduCzwOMv/lw=="
    },
    "tree-sitter-ags-script": {
      "version": "0.1.2",
      "resolved": "https://registry.npmjs.org/tree-sitter-ags-script/-/tree-sitter-ags-script-0.1.2.tgz",
      "integrity": "sha512-/3piYvcv076cACHoDW6NfrNj8QcYIv8Y6hhffVCMZW8H+GKIv2iYgVB6wiHCuMNSoh8ryf3xg44r6hrvVqSljw==",
      "requires": {
        "nan": "^2.12.1"
      }
    }
  }
}
